
Microsoft Visual Studio Solution File, Format Version 12.00
# Visual Studio Version 16
VisualStudioVersion = 16.0.31729.503
MinimumVisualStudioVersion = 10.0.40219.1
Project("{FAE04EC0-301F-11D3-BF4B-00C04F79EFBC}") = "RVEzy", "RVEzy\RVEzy.csproj", "{1B474210-FECC-452E-B69A-0E082DCB564F}"
EndProject
Project("{FAE04EC0-301F-11D3-BF4B-00C04F79EFBC}") = "RVEzy.Tests", "RVEzy.Tests\RVEzy.Tests.csproj", "{B4730E25-965F-4753-942A-AC3C480F9708}"
EndProject
Global
	GlobalSection(SolutionConfigurationPlatforms) = preSolution
		Debug|Any CPU = Debug|Any CPU
		Release|Any CPU = Release|Any CPU
	EndGlobalSection
	GlobalSection(ProjectConfigurationPlatforms) = postSolution
		{1B474210-FECC-452E-B69A-0E082DCB564F}.Debug|Any CPU.ActiveCfg = Debug|Any CPU
		{1B474210-FECC-452E-B69A-0E082DCB564F}.Debug|Any CPU.Build.0 = Debug|Any CPU
		{1B474210-FECC-452E-B69A-0E082DCB564F}.Release|Any CPU.ActiveCfg = Release|Any CPU
		{1B474210-FECC-452E-B69A-0E082DCB564F}.Release|Any CPU.Build.0 = Release|Any CPU
		{B4730E25-965F-4753-942A-AC3C480F9708}.Debug|Any CPU.ActiveCfg = Debug|Any CPU
		{B4730E25-965F-4753-942A-AC3C480F9708}.Debug|Any CPU.Build.0 = Debug|Any CPU
		{B4730E25-965F-4753-942A-AC3C480F9708}.Release|Any CPU.ActiveCfg = Release|Any CPU
		{B4730E25-965F-4753-942A-AC3C480F9708}.Release|Any CPU.Build.0 = Release|Any CPU
	EndGlobalSection
	GlobalSection(SolutionProperties) = preSolution
		HideSolutionNode = FALSE
	EndGlobalSection
	GlobalSection(ExtensibilityGlobals) = postSolution
		SolutionGuid = {5E2984D9-3489-4A12-92F9-31F13CAA6205}
	EndGlobalSection
EndGlobal
